// !$*UTF8*$!
{
	archiveVersion = 1;
	classes = {
	};
	objectVersion = 56;
	objects = {

/* Begin PBXBuildFile section */
		0F09C933292D05DD0032880B /* Kata_2App.swift in Sources */ = {isa = PBXBuildFile; fileRef = 0F09C932292D05DD0032880B /* Kata_2App.swift */; };
		0F09C935292D05DD0032880B /* ContentView.swift in Sources */ = {isa = PBXBuildFile; fileRef = 0F09C934292D05DD0032880B /* ContentView.swift */; };
		0F09C937292D05DE0032880B /* Assets.xcassets in Resources */ = {isa = PBXBuildFile; fileRef = 0F09C936292D05DE0032880B /* Assets.xcassets */; };
		0F09C93A292D05DE0032880B /* Preview Assets.xcassets in Resources */ = {isa = PBXBuildFile; fileRef = 0F09C939292D05DE0032880B /* Preview Assets.xcassets */; };
		0F09C944292D05DF0032880B /* Kata_2Tests.swift in Sources */ = {isa = PBXBuildFile; fileRef = 0F09C943292D05DF0032880B /* Kata_2Tests.swift */; };
		0F09C94E292D05DF0032880B /* Kata_2UITests.swift in Sources */ = {isa = PBXBuildFile; fileRef = 0F09C94D292D05DF0032880B /* Kata_2UITests.swift */; };
		0F09C950292D05DF0032880B /* Kata_2UITestsLaunchTests.swift in Sources */ = {isa = PBXBuildFile; fileRef = 0F09C94F292D05DF0032880B /* Kata_2UITestsLaunchTests.swift */; };
		0F0FDB4A292D126700E567B9 /* Answer.swift in Sources */ = {isa = PBXBuildFile; fileRef = 0F0FDB49292D126700E567B9 /* Answer.swift */; };
		0F0FDB4C29379ECC00E567B9 /* Answer 2.swift in Sources */ = {isa = PBXBuildFile; fileRef = 0F0FDB4B29379ECC00E567B9 /* Answer 2.swift */; };
		0F0FDB4E29379EDD00E567B9 /* Answer 3.swift in Sources */ = {isa = PBXBuildFile; fileRef = 0F0FDB4D29379EDD00E567B9 /* Answer 3.swift */; };
/* End PBXBuildFile section */

/* Begin PBXContainerItemProxy section */
		0F09C940292D05DF0032880B /* PBXContainerItemProxy */ = {
			isa = PBXContainerItemProxy;
			containerPortal = 0F09C927292D05DD0032880B /* Project object */;
			proxyType = 1;
			remoteGlobalIDString = 0F09C92E292D05DD0032880B;
			remoteInfo = "Kata 2";
		};
		0F09C94A292D05DF0032880B /* PBXContainerItemProxy */ = {
			isa = PBXContainerItemProxy;
			containerPortal = 0F09C927292D05DD0032880B /* Project object */;
			proxyType = 1;
			remoteGlobalIDString = 0F09C92E292D05DD0032880B;
			remoteInfo = "Kata 2";
		};
/* End PBXContainerItemProxy section */

/* Begin PBXFileReference section */
		0F09C92F292D05DD0032880B /* Kata 2.app */ = {isa = PBXFileReference; explicitFileType = wrapper.application; includeInIndex = 0; path = "Kata 2.app"; sourceTree = BUILT_PRODUCTS_DIR; };
		0F09C932292D05DD0032880B /* Kata_2App.swift */ = {isa = PBXFileReference; lastKnownFileType = sourcecode.swift; path = Kata_2App.swift; sourceTree = "<group>"; };
		0F09C934292D05DD0032880B /* ContentView.swift */ = {isa = PBXFileReference; lastKnownFileType = sourcecode.swift; path = ContentView.swift; sourceTree = "<group>"; };
		0F09C936292D05DE0032880B /* Assets.xcassets */ = {isa = PBXFileReference; lastKnownFileType = folder.assetcatalog; path = Assets.xcassets; sourceTree = "<group>"; };
		0F09C939292D05DE0032880B /* Preview Assets.xcassets */ = {isa = PBXFileReference; lastKnownFileType = folder.assetcatalog; path = "Preview Assets.xcassets"; sourceTree = "<group>"; };
		0F09C93F292D05DF0032880B /* Kata 2Tests.xctest */ = {isa = PBXFileReference; explicitFileType = wrapper.cfbundle; includeInIndex = 0; path = "Kata 2Tests.xctest"; sourceTree = BUILT_PRODUCTS_DIR; };
		0F09C943292D05DF0032880B /* Kata_2Tests.swift */ = {isa = PBXFileReference; lastKnownFileType = sourcecode.swift; path = Kata_2Tests.swift; sourceTree = "<group>"; };
		0F09C949292D05DF0032880B /* Kata 2UITests.xctest */ = {isa = PBXFileReference; explicitFileType = wrapper.cfbundle; includeInIndex = 0; path = "Kata 2UITests.xctest"; sourceTree = BUILT_PRODUCTS_DIR; };
		0F09C94D292D05DF0032880B /* Kata_2UITests.swift */ = {isa = PBXFileReference; lastKnownFileType = sourcecode.swift; path = Kata_2UITests.swift; sourceTree = "<group>"; };
		0F09C94F292D05DF0032880B /* Kata_2UITestsLaunchTests.swift */ = {isa = PBXFileReference; lastKnownFileType = sourcecode.swift; path = Kata_2UITestsLaunchTests.swift; sourceTree = "<group>"; };
		0F0FDB49292D126700E567B9 /* Answer.swift */ = {isa = PBXFileReference; lastKnownFileType = sourcecode.swift; path = Answer.swift; sourceTree = "<group>"; };
		0F0FDB4B29379ECC00E567B9 /* Answer 2.swift */ = {isa = PBXFileReference; lastKnownFileType = sourcecode.swift; path = "Answer 2.swift"; sourceTree = "<group>"; };
		0F0FDB4D29379EDD00E567B9 /* Answer 3.swift */ = {isa = PBXFileReference; lastKnownFileType = sourcecode.swift; path = "Answer 3.swift"; sourceTree = "<group>"; };
/* End PBXFileReference section */

/* Begin PBXFrameworksBuildPhase section */
		0F09C92C292D05DD0032880B /* Frameworks */ = {
			isa = PBXFrameworksBuildPhase;
			buildActionMask = 2147483647;
			files = (
			);
			runOnlyForDeploymentPostprocessing = 0;
		};
		0F09C93C292D05DF0032880B /* Frameworks */ = {
			isa = PBXFrameworksBuildPhase;
			buildActionMask = 2147483647;
			files = (
			);
			runOnlyForDeploymentPostprocessing = 0;
		};
		0F09C946292D05DF0032880B /* Frameworks */ = {
			isa = PBXFrameworksBuildPhase;
			buildActionMask = 2147483647;
			files = (
			);
			runOnlyForDeploymentPostprocessing = 0;
		};
/* End PBXFrameworksBuildPhase section */

/* Begin PBXGroup section */
		0F09C926292D05DD0032880B = {
			isa = PBXGroup;
			children = (
				0F09C931292D05DD0032880B /* Kata 2 */,
				0F09C942292D05DF0032880B /* Kata 2Tests */,
				0F09C94C292D05DF0032880B /* Kata 2UITests */,
				0F09C930292D05DD0032880B /* Products */,
			);
			sourceTree = "<group>";
		};
		0F09C930292D05DD0032880B /* Products */ = {
			isa = PBXGroup;
			children = (
				0F09C92F292D05DD0032880B /* Kata 2.app */,
				0F09C93F292D05DF0032880B /* Kata 2Tests.xctest */,
				0F09C949292D05DF0032880B /* Kata 2UITests.xctest */,
			);
			name = Products;
			sourceTree = "<group>";
		};
		0F09C931292D05DD0032880B /* Kata 2 */ = {
			isa = PBXGroup;
			children = (
				0F09C932292D05DD0032880B /* Kata_2App.swift */,
				0F09C934292D05DD0032880B /* ContentView.swift */,
				0F0FDB49292D126700E567B9 /* Answer.swift */,
				0F0FDB4B29379ECC00E567B9 /* Answer 2.swift */,
				0F0FDB4D29379EDD00E567B9 /* Answer 3.swift */,
				0F09C936292D05DE0032880B /* Assets.xcassets */,
				0F09C938292D05DE0032880B /* Preview Content */,
			);
			path = "Kata 2";
			sourceTree = "<group>";
		};
		0F09C938292D05DE0032880B /* Preview Content */ = {
			isa = PBXGroup;
			children = (
				0F09C939292D05DE0032880B /* Preview Assets.xcassets */,
			);
			path = "Preview Content";
			sourceTree = "<group>";
		};
		0F09C942292D05DF0032880B /* Kata 2Tests */ = {
			isa = PBXGroup;
			children = (
				0F09C943292D05DF0032880B /* Kata_2Tests.swift */,
			);
			path = "Kata 2Tests";
			sourceTree = "<group>";
		};
		0F09C94C292D05DF0032880B /* Kata 2UITests */ = {
			isa = PBXGroup;
			children = (
				0F09C94D292D05DF0032880B /* Kata_2UITests.swift */,
				0F09C94F292D05DF0032880B /* Kata_2UITestsLaunchTests.swift */,
			);
			path = "Kata 2UITests";
			sourceTree = "<group>";
		};
/* End PBXGroup section */

/* Begin PBXNativeTarget section */
		0F09C92E292D05DD0032880B /* Kata 2 */ = {
			isa = PBXNativeTarget;
			buildConfigurationList = 0F09C953292D05DF0032880B /* Build configuration list for PBXNativeTarget "Kata 2" */;
			buildPhases = (
				0F09C92B292D05DD0032880B /* Sources */,
				0F09C92C292D05DD0032880B /* Frameworks */,
				0F09C92D292D05DD0032880B /* Resources */,
			);
			buildRules = (
			);
			dependencies = (
			);
			name = "Kata 2";
			productName = "Kata 2";
			productReference = 0F09C92F292D05DD0032880B /* Kata 2.app */;
			productType = "com.apple.product-type.application";
		};
		0F09C93E292D05DF0032880B /* Kata 2Tests */ = {
			isa = PBXNativeTarget;
			buildConfigurationList = 0F09C956292D05DF0032880B /* Build configuration list for PBXNativeTarget "Kata 2Tests" */;
			buildPhases = (
				0F09C93B292D05DF0032880B /* Sources */,
				0F09C93C292D05DF0032880B /* Frameworks */,
				0F09C93D292D05DF0032880B /* Resources */,
			);
			buildRules = (
			);
			dependencies = (
				0F09C941292D05DF0032880B /* PBXTargetDependency */,
			);
			name = "Kata 2Tests";
			productName = "Kata 2Tests";
			productReference = 0F09C93F292D05DF0032880B /* Kata 2Tests.xctest */;
			productType = "com.apple.product-type.bundle.unit-test";
		};
		0F09C948292D05DF0032880B /* Kata 2UITests */ = {
			isa = PBXNativeTarget;
			buildConfigurationList = 0F09C959292D05DF0032880B /* Build configuration list for PBXNativeTarget "Kata 2UITests" */;
			buildPhases = (
				0F09C945292D05DF0032880B /* Sources */,
				0F09C946292D05DF0032880B /* Frameworks */,
				0F09C947292D05DF0032880B /* Resources */,
			);
			buildRules = (
			);
			dependencies = (
				0F09C94B292D05DF0032880B /* PBXTargetDependency */,
			);
			name = "Kata 2UITests";
			productName = "Kata 2UITests";
			productReference = 0F09C949292D05DF0032880B /* Kata 2UITests.xctest */;
			productType = "com.apple.product-type.bundle.ui-testing";
		};
/* End PBXNativeTarget section */

/* Begin PBXProject section */
		0F09C927292D05DD0032880B /* Project object */ = {
			isa = PBXProject;
			attributes = {
				BuildIndependentTargetsInParallel = 1;
				LastSwiftUpdateCheck = 1410;
				LastUpgradeCheck = 1410;
				TargetAttributes = {
					0F09C92E292D05DD0032880B = {
						CreatedOnToolsVersion = 14.1;
					};
					0F09C93E292D05DF0032880B = {
						CreatedOnToolsVersion = 14.1;
						TestTargetID = 0F09C92E292D05DD0032880B;
					};
					0F09C948292D05DF0032880B = {
						CreatedOnToolsVersion = 14.1;
						TestTargetID = 0F09C92E292D05DD0032880B;
					};
				};
			};
			buildConfigurationList = 0F09C92A292D05DD0032880B /* Build configuration list for PBXProject "Kata 2" */;
			compatibilityVersion = "Xcode 14.0";
			developmentRegion = en;
			hasScannedForEncodings = 0;
			knownRegions = (
				en,
				Base,
			);
			mainGroup = 0F09C926292D05DD0032880B;
			productRefGroup = 0F09C930292D05DD0032880B /* Products */;
			projectDirPath = "";
			projectRoot = "";
			targets = (
				0F09C92E292D05DD0032880B /* Kata 2 */,
				0F09C93E292D05DF0032880B /* Kata 2Tests */,
				0F09C948292D05DF0032880B /* Kata 2UITests */,
			);
		};
/* End PBXProject section */

/* Begin PBXResourcesBuildPhase section */
		0F09C92D292D05DD0032880B /* Resources */ = {
			isa = PBXResourcesBuildPhase;
			buildActionMask = 2147483647;
			files = (
				0F09C93A292D05DE0032880B /* Preview Assets.xcassets in Resources */,
				0F09C937292D05DE0032880B /* Assets.xcassets in Resources */,
			);
			runOnlyForDeploymentPostprocessing = 0;
		};
		0F09C93D292D05DF0032880B /* Resources */ = {
			isa = PBXResourcesBuildPhase;
			buildActionMask = 2147483647;
			files = (
			);
			runOnlyForDeploymentPostprocessing = 0;
		};
		0F09C947292D05DF0032880B /* Resources */ = {
			isa = PBXResourcesBuildPhase;
			buildActionMask = 2147483647;
			files = (
			);
			runOnlyForDeploymentPostprocessing = 0;
		};
/* End PBXResourcesBuildPhase section */

/* Begin PBXSourcesBuildPhase section */
		0F09C92B292D05DD0032880B /* Sources */ = {
			isa = PBXSourcesBuildPhase;
			buildActionMask = 2147483647;
			files = (
				0F0FDB4A292D126700E567B9 /* Answer.swift in Sources */,
				0F09C935292D05DD0032880B /* ContentView.swift in Sources */,
				0F0FDB4E29379EDD00E567B9 /* Answer 3.swift in Sources */,
				0F09C933292D05DD0032880B /* Kata_2App.swift in Sources */,
				0F0FDB4C29379ECC00E567B9 /* Answer 2.swift in Sources */,
			);
			runOnlyForDeploymentPostprocessing = 0;
		};
		0F09C93B292D05DF0032880B /* Sources */ = {
			isa = PBXSourcesBuildPhase;
			buildActionMask = 2147483647;
			files = (
				0F09C944292D05DF0032880B /* Kata_2Tests.swift in Sources */,
			);
			runOnlyForDeploymentPostprocessing = 0;
		};
		0F09C945292D05DF0032880B /* Sources */ = {
			isa = PBXSourcesBuildPhase;
			buildActionMask = 2147483647;
			files = (
				0F09C950292D05DF0032880B /* Kata_2UITestsLaunchTests.swift in Sources */,
				0F09C94E292D05DF0032880B /* Kata_2UITests.swift in Sources */,
			);
			runOnlyForDeploymentPostprocessing = 0;
		};
/* End PBXSourcesBuildPhase section */

/* Begin PBXTargetDependency section */
		0F09C941292D05DF0032880B /* PBXTargetDependency */ = {
			isa = PBXTargetDependency;
			target = 0F09C92E292D05DD0032880B /* Kata 2 */;
			targetProxy = 0F09C940292D05DF0032880B /* PBXContainerItemProxy */;
		};
		0F09C94B292D05DF0032880B /* PBXTargetDependency */ = {
			isa = PBXTargetDependency;
			target = 0F09C92E292D05DD0032880B /* Kata 2 */;
			targetProxy = 0F09C94A292D05DF0032880B /* PBXContainerItemProxy */;
		};
/* End PBXTargetDependency section */

/* Begin XCBuildConfiguration section */
		0F09C951292D05DF0032880B /* Debug */ = {
			isa = XCBuildConfiguration;
			buildSettings = {
				ALWAYS_SEARCH_USER_PATHS = NO;
				CLANG_ANALYZER_NONNULL = YES;
				CLANG_ANALYZER_NUMBER_OBJECT_CONVERSION = YES_AGGRESSIVE;
				CLANG_CXX_LANGUAGE_STANDARD = "gnu++20";
				CLANG_ENABLE_MODULES = YES;
				CLANG_ENABLE_OBJC_ARC = YES;
				CLANG_ENABLE_OBJC_WEAK = YES;
				CLANG_WARN_BLOCK_CAPTURE_AUTORELEASING = YES;
				CLANG_WARN_BOOL_CONVERSION = YES;
				CLANG_WARN_COMMA = YES;
				CLANG_WARN_CONSTANT_CONVERSION = YES;
				CLANG_WARN_DEPRECATED_OBJC_IMPLEMENTATIONS = YES;
				CLANG_WARN_DIRECT_OBJC_ISA_USAGE = YES_ERROR;
				CLANG_WARN_DOCUMENTATION_COMMENTS = YES;
				CLANG_WARN_EMPTY_BODY = YES;
				CLANG_WARN_ENUM_CONVERSION = YES;
				CLANG_WARN_INFINITE_RECURSION = YES;
				CLANG_WARN_INT_CONVERSION = YES;
				CLANG_WARN_NON_LITERAL_NULL_CONVERSION = YES;
				CLANG_WARN_OBJC_IMPLICIT_RETAIN_SELF = YES;
				CLANG_WARN_OBJC_LITERAL_CONVERSION = YES;
				CLANG_WARN_OBJC_ROOT_CLASS = YES_ERROR;
				CLANG_WARN_QUOTED_INCLUDE_IN_FRAMEWORK_HEADER = YES;
				CLANG_WARN_RANGE_LOOP_ANALYSIS = YES;
				CLANG_WARN_STRICT_PROTOTYPES = YES;
				CLANG_WARN_SUSPICIOUS_MOVE = YES;
				CLANG_WARN_UNGUARDED_AVAILABILITY = YES_AGGRESSIVE;
				CLANG_WARN_UNREACHABLE_CODE = YES;
				CLANG_WARN__DUPLICATE_METHOD_MATCH = YES;
				COPY_PHASE_STRIP = NO;
				DEBUG_INFORMATION_FORMAT = dwarf;
				ENABLE_STRICT_OBJC_MSGSEND = YES;
				ENABLE_TESTABILITY = YES;
				GCC_C_LANGUAGE_STANDARD = gnu11;
				GCC_DYNAMIC_NO_PIC = NO;
				GCC_NO_COMMON_BLOCKS = YES;
				GCC_OPTIMIZATION_LEVEL = 0;
				GCC_PREPROCESSOR_DEFINITIONS = (
					"DEBUG=1",
					"$(inherited)",
				);
				GCC_WARN_64_TO_32_BIT_CONVERSION = YES;
				GCC_WARN_ABOUT_RETURN_TYPE = YES_ERROR;
				GCC_WARN_UNDECLARED_SELECTOR = YES;
				GCC_WARN_UNINITIALIZED_AUTOS = YES_AGGRESSIVE;
				GCC_WARN_UNUSED_FUNCTION = YES;
				GCC_WARN_UNUSED_VARIABLE = YES;
				IPHONEOS_DEPLOYMENT_TARGET = 16.1;
				MTL_ENABLE_DEBUG_INFO = INCLUDE_SOURCE;
				MTL_FAST_MATH = YES;
				ONLY_ACTIVE_ARCH = YES;
				SDKROOT = iphoneos;
				SWIFT_ACTIVE_COMPILATION_CONDITIONS = DEBUG;
				SWIFT_OPTIMIZATION_LEVEL = "-Onone";
			};
			name = Debug;
		};
		0F09C952292D05DF0032880B /* Release */ = {
			isa = XCBuildConfiguration;
			buildSettings = {
				ALWAYS_SEARCH_USER_PATHS = NO;
				CLANG_ANALYZER_NONNULL = YES;
				CLANG_ANALYZER_NUMBER_OBJECT_CONVERSION = YES_AGGRESSIVE;
				CLANG_CXX_LANGUAGE_STANDARD = "gnu++20";
				CLANG_ENABLE_MODULES = YES;
				CLANG_ENABLE_OBJC_ARC = YES;
				CLANG_ENABLE_OBJC_WEAK = YES;
				CLANG_WARN_BLOCK_CAPTURE_AUTORELEASING = YES;
				CLANG_WARN_BOOL_CONVERSION = YES;
				CLANG_WARN_COMMA = YES;
				CLANG_WARN_CONSTANT_CONVERSION = YES;
				CLANG_WARN_DEPRECATED_OBJC_IMPLEMENTATIONS = YES;
				CLANG_WARN_DIRECT_OBJC_ISA_USAGE = YES_ERROR;
				CLANG_WARN_DOCUMENTATION_COMMENTS = YES;
				CLANG_WARN_EMPTY_BODY = YES;
				CLANG_WARN_ENUM_CONVERSION = YES;
				CLANG_WARN_INFINITE_RECURSION = YES;
				CLANG_WARN_INT_CONVERSION = YES;
				CLANG_WARN_NON_LITERAL_NULL_CONVERSION = YES;
				CLANG_WARN_OBJC_IMPLICIT_RETAIN_SELF = YES;
				CLANG_WARN_OBJC_LITERAL_CONVERSION = YES;
				CLANG_WARN_OBJC_ROOT_CLASS = YES_ERROR;
				CLANG_WARN_QUOTED_INCLUDE_IN_FRAMEWORK_HEADER = YES;
				CLANG_WARN_RANGE_LOOP_ANALYSIS = YES;
				CLANG_WARN_STRICT_PROTOTYPES = YES;
				CLANG_WARN_SUSPICIOUS_MOVE = YES;
				CLANG_WARN_UNGUARDED_AVAILABILITY = YES_AGGRESSIVE;
				CLANG_WARN_UNREACHABLE_CODE = YES;
				CLANG_WARN__DUPLICATE_METHOD_MATCH = YES;
				COPY_PHASE_STRIP = NO;
				DEBUG_INFORMATION_FORMAT = "dwarf-with-dsym";
				ENABLE_NS_ASSERTIONS = NO;
				ENABLE_STRICT_OBJC_MSGSEND = YES;
				GCC_C_LANGUAGE_STANDARD = gnu11;
				GCC_NO_COMMON_BLOCKS = YES;
				GCC_WARN_64_TO_32_BIT_CONVERSION = YES;
				GCC_WARN_ABOUT_RETURN_TYPE = YES_ERROR;
				GCC_WARN_UNDECLARED_SELECTOR = YES;
				GCC_WARN_UNINITIALIZED_AUTOS = YES_AGGRESSIVE;
				GCC_WARN_UNUSED_FUNCTION = YES;
				GCC_WARN_UNUSED_VARIABLE = YES;
				IPHONEOS_DEPLOYMENT_TARGET = 16.1;
				MTL_ENABLE_DEBUG_INFO = NO;
				MTL_FAST_MATH = YES;
				SDKROOT = iphoneos;
				SWIFT_COMPILATION_MODE = wholemodule;
				SWIFT_OPTIMIZATION_LEVEL = "-O";
				VALIDATE_PRODUCT = YES;
			};
			name = Release;
		};
		0F09C954292D05DF0032880B /* Debug */ = {
			isa = XCBuildConfiguration;
			buildSettings = {
				ASSETCATALOG_COMPILER_APPICON_NAME = AppIcon;
				ASSETCATALOG_COMPILER_GLOBAL_ACCENT_COLOR_NAME = AccentColor;
				CODE_SIGN_STYLE = Automatic;
				CURRENT_PROJECT_VERSION = 1;
				DEVELOPMENT_ASSET_PATHS = "\"Kata 2/Preview Content\"";
				ENABLE_PREVIEWS = YES;
				GENERATE_INFOPLIST_FILE = YES;
				INFOPLIST_KEY_UIApplicationSceneManifest_Generation = YES;
				INFOPLIST_KEY_UIApplicationSupportsIndirectInputEvents = YES;
				INFOPLIST_KEY_UILaunchScreen_Generation = YES;
				INFOPLIST_KEY_UISupportedInterfaceOrientations_iPad = "UIInterfaceOrientationPortrait UIInterfaceOrientationPortraitUpsideDown UIInterfaceOrientationLandscapeLeft UIInterfaceOrientationLandscapeRight";
				INFOPLIST_KEY_UISupportedInterfaceOrientations_iPhone = "UIInterfaceOrientationPortrait UIInterfaceOrientationLandscapeLeft UIInterfaceOrientationLandscapeRight";
				LD_RUNPATH_SEARCH_PATHS = (
					"$(inherited)",
					"@executable_path/Frameworks",
				);
				MARKETING_VERSION = 1.0;
				PRODUCT_BUNDLE_IDENTIFIER = "Kata.Kata-2";
				PRODUCT_NAME = "$(TARGET_NAME)";
				SWIFT_EMIT_LOC_STRINGS = YES;
				SWIFT_VERSION = 5.0;
				TARGETED_DEVICE_FAMILY = "1,2";
			};
			name = Debug;
		};
		0F09C955292D05DF0032880B /* Release */ = {
			isa = XCBuildConfiguration;
			buildSettings = {
				ASSETCATALOG_COMPILER_APPICON_NAME = AppIcon;
				ASSETCATALOG_COMPILER_GLOBAL_ACCENT_COLOR_NAME = AccentColor;
				CODE_SIGN_STYLE = Automatic;
				CURRENT_PROJECT_VERSION = 1;
				DEVELOPMENT_ASSET_PATHS = "\"Kata 2/Preview Content\"";
				ENABLE_PREVIEWS = YES;
				GENERATE_INFOPLIST_FILE = YES;
				INFOPLIST_KEY_UIApplicationSceneManifest_Generation = YES;
				INFOPLIST_KEY_UIApplicationSupportsIndirectInputEvents = YES;
				INFOPLIST_KEY_UILaunchScreen_Generation = YES;
				INFOPLIST_KEY_UISupportedInterfaceOrientations_iPad = "UIInterfaceOrientationPortrait UIInterfaceOrientationPortraitUpsideDown UIInterfaceOrientationLandscapeLeft UIInterfaceOrientationLandscapeRight";
				INFOPLIST_KEY_UISupportedInterfaceOrientations_iPhone = "UIInterfaceOrientationPortrait UIInterfaceOrientationLandscapeLeft UIInterfaceOrientationLandscapeRight";
				LD_RUNPATH_SEARCH_PATHS = (
					"$(inherited)",
					"@executable_path/Frameworks",
				);
				MARKETING_VERSION = 1.0;
				PRODUCT_BUNDLE_IDENTIFIER = "Kata.Kata-2";
				PRODUCT_NAME = "$(TARGET_NAME)";
				SWIFT_EMIT_LOC_STRINGS = YES;
				SWIFT_VERSION = 5.0;
				TARGETED_DEVICE_FAMILY = "1,2";
			};
			name = Release;
		};
		0F09C957292D05DF0032880B /* Debug */ = {
			isa = XCBuildConfiguration;
			buildSettings = {
				ALWAYS_EMBED_SWIFT_STANDARD_LIBRARIES = YES;
				BUNDLE_LOADER = "$(TEST_HOST)";
				CODE_SIGN_STYLE = Automatic;
				CURRENT_PROJECT_VERSION = 1;
				GENERATE_INFOPLIST_FILE = YES;
				IPHONEOS_DEPLOYMENT_TARGET = 16.1;
				MARKETING_VERSION = 1.0;
				PRODUCT_BUNDLE_IDENTIFIER = "Kata.Kata-2Tests";
				PRODUCT_NAME = "$(TARGET_NAME)";
				SWIFT_EMIT_LOC_STRINGS = NO;
				SWIFT_VERSION = 5.0;
				TARGETED_DEVICE_FAMILY = "1,2";
				TEST_HOST = "$(BUILT_PRODUCTS_DIR)/Kata 2.app/$(BUNDLE_EXECUTABLE_FOLDER_PATH)/Kata 2";
			};
			name = Debug;
		};
		0F09C958292D05DF0032880B /* Release */ = {
			isa = XCBuildConfiguration;
			buildSettings = {
				ALWAYS_EMBED_SWIFT_STANDARD_LIBRARIES = YES;
				BUNDLE_LOADER = "$(TEST_HOST)";
				CODE_SIGN_STYLE = Automatic;
				CURRENT_PROJECT_VERSION = 1;
				GENERATE_INFOPLIST_FILE = YES;
				IPHONEOS_DEPLOYMENT_TARGET = 16.1;
				MARKETING_VERSION = 1.0;
				PRODUCT_BUNDLE_IDENTIFIER = "Kata.Kata-2Tests";
				PRODUCT_NAME = "$(TARGET_NAME)";
				SWIFT_EMIT_LOC_STRINGS = NO;
				SWIFT_VERSION = 5.0;
				TARGETED_DEVICE_FAMILY = "1,2";
				TEST_HOST = "$(BUILT_PRODUCTS_DIR)/Kata 2.app/$(BUNDLE_EXECUTABLE_FOLDER_PATH)/Kata 2";
			};
			name = Release;
		};
		0F09C95A292D05DF0032880B /* Debug */ = {
			isa = XCBuildConfiguration;
			buildSettings = {
				ALWAYS_EMBED_SWIFT_STANDARD_LIBRARIES = YES;
				CODE_SIGN_STYLE = Automatic;
				CURRENT_PROJECT_VERSION = 1;
				GENERATE_INFOPLIST_FILE = YES;
				MARKETING_VERSION = 1.0;
				PRODUCT_BUNDLE_IDENTIFIER = "Kata.Kata-2UITests";
				PRODUCT_NAME = "$(TARGET_NAME)";
				SWIFT_EMIT_LOC_STRINGS = NO;
				SWIFT_VERSION = 5.0;
				TARGETED_DEVICE_FAMILY = "1,2";
				TEST_TARGET_NAME = "Kata 2";
			};
			name = Debug;
		};
		0F09C95B292D05DF0032880B /* Release */ = {
			isa = XCBuildConfiguration;
			buildSettings = {
				ALWAYS_EMBED_SWIFT_STANDARD_LIBRARIES = YES;
				CODE_SIGN_STYLE = Automatic;
				CURRENT_PROJECT_VERSION = 1;
				GENERATE_INFOPLIST_FILE = YES;
				MARKETING_VERSION = 1.0;
				PRODUCT_BUNDLE_IDENTIFIER = "Kata.Kata-2UITests";
				PRODUCT_NAME = "$(TARGET_NAME)";
				SWIFT_EMIT_LOC_STRINGS = NO;
				SWIFT_VERSION = 5.0;
				TARGETED_DEVICE_FAMILY = "1,2";
				TEST_TARGET_NAME = "Kata 2";
			};
			name = Release;
		};
/* End XCBuildConfiguration section */

/* Begin XCConfigurationList section */
		0F09C92A292D05DD0032880B /* Build configuration list for PBXProject "Kata 2" */ = {
			isa = XCConfigurationList;
			buildConfigurations = (
				0F09C951292D05DF0032880B /* Debug */,
				0F09C952292D05DF0032880B /* Release */,
			);
			defaultConfigurationIsVisible = 0;
			defaultConfigurationName = Release;
		};
		0F09C953292D05DF0032880B /* Build configuration list for PBXNativeTarget "Kata 2" */ = {
			isa = XCConfigurationList;
			buildConfigurations = (
				0F09C954292D05DF0032880B /* Debug */,
				0F09C955292D05DF0032880B /* Release */,
			);
			defaultConfigurationIsVisible = 0;
			defaultConfigurationName = Release;
		};
		0F09C956292D05DF0032880B /* Build configuration list for PBXNativeTarget "Kata 2Tests" */ = {
			isa = XCConfigurationList;
			buildConfigurations = (
				0F09C957292D05DF0032880B /* Debug */,
				0F09C958292D05DF0032880B /* Release */,
			);
			defaultConfigurationIsVisible = 0;
			defaultConfigurationName = Release;
		};
		0F09C959292D05DF0032880B /* Build configuration list for PBXNativeTarget "Kata 2UITests" */ = {
			isa = XCConfigurationList;
			buildConfigurations = (
				0F09C95A292D05DF0032880B /* Debug */,
				0F09C95B292D05DF0032880B /* Release */,
			);
			defaultConfigurationIsVisible = 0;
			defaultConfigurationName = Release;
		};
/* End XCConfigurationList section */
	};
	rootObject = 0F09C927292D05DD0032880B /* Project object */;
}
